
Microsoft Visual Studio Solution File, Format Version 12.00
# Visual Studio Version 16
VisualStudioVersion = 16.0.30114.105
MinimumVisualStudioVersion = 10.0.40219.1
Project("{9A19103F-16F7-4668-BE54-9A1E7A4F7556}") = "bdis_meistrija.Server", "Server\bdis_meistrija.Server.csproj", "{B3E3BF59-9E8C-48D5-A7F2-735FD4D6C932}"
EndProject
Project("{9A19103F-16F7-4668-BE54-9A1E7A4F7556}") = "bdis_meistrija.Client", "Client\bdis_meistrija.Client.csproj", "{D65C7B18-E78B-4F69-8532-C5136D70DDBD}"
EndProject
Project("{9A19103F-16F7-4668-BE54-9A1E7A4F7556}") = "bdis_meistrija.Shared", "Shared\bdis_meistrija.Shared.csproj", "{031C58F5-6192-4CA1-B0DC-41CA57CCC817}"
EndProject
Global
	GlobalSection(SolutionConfigurationPlatforms) = preSolution
		Debug|Any CPU = Debug|Any CPU
		Release|Any CPU = Release|Any CPU
	EndGlobalSection
	GlobalSection(ProjectConfigurationPlatforms) = postSolution
		{B3E3BF59-9E8C-48D5-A7F2-735FD4D6C932}.Debug|Any CPU.ActiveCfg = Debug|Any CPU
		{B3E3BF59-9E8C-48D5-A7F2-735FD4D6C932}.Debug|Any CPU.Build.0 = Debug|Any CPU
		{B3E3BF59-9E8C-48D5-A7F2-735FD4D6C932}.Release|Any CPU.ActiveCfg = Release|Any CPU
		{B3E3BF59-9E8C-48D5-A7F2-735FD4D6C932}.Release|Any CPU.Build.0 = Release|Any CPU
		{D65C7B18-E78B-4F69-8532-C5136D70DDBD}.Debug|Any CPU.ActiveCfg = Debug|Any CPU
		{D65C7B18-E78B-4F69-8532-C5136D70DDBD}.Debug|Any CPU.Build.0 = Debug|Any CPU
		{D65C7B18-E78B-4F69-8532-C5136D70DDBD}.Release|Any CPU.ActiveCfg = Release|Any CPU
		{D65C7B18-E78B-4F69-8532-C5136D70DDBD}.Release|Any CPU.Build.0 = Release|Any CPU
		{031C58F5-6192-4CA1-B0DC-41CA57CCC817}.Debug|Any CPU.ActiveCfg = Debug|Any CPU
		{031C58F5-6192-4CA1-B0DC-41CA57CCC817}.Debug|Any CPU.Build.0 = Debug|Any CPU
		{031C58F5-6192-4CA1-B0DC-41CA57CCC817}.Release|Any CPU.ActiveCfg = Release|Any CPU
		{031C58F5-6192-4CA1-B0DC-41CA57CCC817}.Release|Any CPU.Build.0 = Release|Any CPU
	EndGlobalSection
	GlobalSection(SolutionProperties) = preSolution
		HideSolutionNode = FALSE
	EndGlobalSection
	GlobalSection(ExtensibilityGlobals) = postSolution
		SolutionGuid = {FEF38F7D-A62E-45CF-8767-C2CE3F5DACD9}
	EndGlobalSection
EndGlobal
